
Microsoft Visual Studio Solution File, Format Version 12.00
# Visual Studio Version 17
VisualStudioVersion = 17.12.35707.178 d17.12
MinimumVisualStudioVersion = 10.0.40219.1
Project("{FAE04EC0-301F-11D3-BF4B-00C04F79EFBC}") = "RestaurantOrderingSystem", "RestaurantOrderingSystem\RestaurantOrderingSystem.csproj", "{C26FFB4F-B776-49DA-ADB1-4174CF51D69E}"
EndProject
Global
	GlobalSection(SolutionConfigurationPlatforms) = preSolution
		Debug|Any CPU = Debug|Any CPU
		Release|Any CPU = Release|Any CPU
	EndGlobalSection
	GlobalSection(ProjectConfigurationPlatforms) = postSolution
		{C26FFB4F-B776-49DA-ADB1-4174CF51D69E}.Debug|Any CPU.ActiveCfg = Debug|Any CPU
		{C26FFB4F-B776-49DA-ADB1-4174CF51D69E}.Debug|Any CPU.Build.0 = Debug|Any CPU
		{C26FFB4F-B776-49DA-ADB1-4174CF51D69E}.Release|Any CPU.ActiveCfg = Release|Any CPU
		{C26FFB4F-B776-49DA-ADB1-4174CF51D69E}.Release|Any CPU.Build.0 = Release|Any CPU
	EndGlobalSection
	GlobalSection(SolutionProperties) = preSolution
		HideSolutionNode = FALSE
	EndGlobalSection
EndGlobal
